
Microsoft Visual Studio Solution File, Format Version 12.00
# Visual Studio Version 16
VisualStudioVersion = 16.0.31005.135
MinimumVisualStudioVersion = 10.0.40219.1
Project("{9A19103F-16F7-4668-BE54-9A1E7A4F7556}") = "BookShelf.Data", "BookShelf.Data\BookShelf.Data.csproj", "{7404A33C-3E36-4968-A193-0BA4C3EF2C69}"
EndProject
Project("{9A19103F-16F7-4668-BE54-9A1E7A4F7556}") = "BookShelf.Logic", "BookShelf.Logic\BookShelf.Logic.csproj", "{9FB297D9-F57E-425B-88FF-CE268DA9116B}"
EndProject
Project("{FAE04EC0-301F-11D3-BF4B-00C04F79EFBC}") = "BookShelf.WebApi", "BookShelf.WebApi\BookShelf.WebApi.csproj", "{08D0DC07-F5E3-4A9D-B5F2-104559D4DF70}"
EndProject
Global
	GlobalSection(SolutionConfigurationPlatforms) = preSolution
		Debug|Any CPU = Debug|Any CPU
		Release|Any CPU = Release|Any CPU
	EndGlobalSection
	GlobalSection(ProjectConfigurationPlatforms) = postSolution
		{7404A33C-3E36-4968-A193-0BA4C3EF2C69}.Debug|Any CPU.ActiveCfg = Debug|Any CPU
		{7404A33C-3E36-4968-A193-0BA4C3EF2C69}.Debug|Any CPU.Build.0 = Debug|Any CPU
		{7404A33C-3E36-4968-A193-0BA4C3EF2C69}.Release|Any CPU.ActiveCfg = Release|Any CPU
		{7404A33C-3E36-4968-A193-0BA4C3EF2C69}.Release|Any CPU.Build.0 = Release|Any CPU
		{9FB297D9-F57E-425B-88FF-CE268DA9116B}.Debug|Any CPU.ActiveCfg = Debug|Any CPU
		{9FB297D9-F57E-425B-88FF-CE268DA9116B}.Debug|Any CPU.Build.0 = Debug|Any CPU
		{9FB297D9-F57E-425B-88FF-CE268DA9116B}.Release|Any CPU.ActiveCfg = Release|Any CPU
		{9FB297D9-F57E-425B-88FF-CE268DA9116B}.Release|Any CPU.Build.0 = Release|Any CPU
		{08D0DC07-F5E3-4A9D-B5F2-104559D4DF70}.Debug|Any CPU.ActiveCfg = Debug|Any CPU
		{08D0DC07-F5E3-4A9D-B5F2-104559D4DF70}.Debug|Any CPU.Build.0 = Debug|Any CPU
		{08D0DC07-F5E3-4A9D-B5F2-104559D4DF70}.Release|Any CPU.ActiveCfg = Release|Any CPU
		{08D0DC07-F5E3-4A9D-B5F2-104559D4DF70}.Release|Any CPU.Build.0 = Release|Any CPU
	EndGlobalSection
	GlobalSection(SolutionProperties) = preSolution
		HideSolutionNode = FALSE
	EndGlobalSection
	GlobalSection(ExtensibilityGlobals) = postSolution
		SolutionGuid = {E10390C7-FD8B-4B49-BD37-B9D6AF606FC0}
	EndGlobalSection
EndGlobal
